{
  "version": 4,
  "terraform_version": "1.7.0",
  "serial": 9,
  "lineage": "ae8f13a8-a594-f321-4370-d1849ef62e11",
  "outputs": {
    "instance_public_dns": {
      "value": [
        "ec2-54-187-12-70.us-west-2.compute.amazonaws.com"
      ],
      "type": [
        "tuple",
        [
          "string"
        ]
      ]
    },
    "instance_public_ip": {
      "value": [
        "54.187.12.70"
      ],
      "type": [
        "tuple",
        [
          "string"
        ]
      ]
    },
    "instance_state": {
      "value": [
        "running"
      ],
      "type": [
        "tuple",
        [
          "string"
        ]
      ]
    }
  },
  "resources": [
    {
      "module": "module.ec2",
      "mode": "managed",
      "type": "aws_instance",
      "name": "ec2_instance",
      "provider": "provider[\"registry.terraform.io/hashicorp/aws\"]",
      "instances": [
        {
          "index_key": 0,
          "schema_version": 1,
          "attributes": {
            "ami": "ami-0944e91aed79c721c",
            "arn": "arn:aws:ec2:us-west-2:359097475648:instance/i-0d13826d6c07db735",
            "associate_public_ip_address": true,
            "availability_zone": "us-west-2b",
            "capacity_reservation_specification": [
              {
                "capacity_reservation_preference": "open",
                "capacity_reservation_target": []
              }
            ],
            "cpu_core_count": 1,
            "cpu_options": [
              {
                "amd_sev_snp": "",
                "core_count": 1,
                "threads_per_core": 1
              }
            ],
            "cpu_threads_per_core": 1,
            "credit_specification": [
              {
                "cpu_credits": "standard"
              }
            ],
            "disable_api_stop": false,
            "disable_api_termination": false,
            "ebs_block_device": [],
            "ebs_optimized": false,
            "enclave_options": [
              {
                "enabled": false
              }
            ],
            "ephemeral_block_device": [],
            "get_password_data": false,
            "hibernation": false,
            "host_id": "",
            "host_resource_group_arn": null,
            "iam_instance_profile": "",
            "id": "i-0d13826d6c07db735",
            "instance_initiated_shutdown_behavior": "stop",
            "instance_lifecycle": "",
            "instance_market_options": [],
            "instance_state": "running",
            "instance_type": "t2.micro",
            "ipv6_address_count": 0,
            "ipv6_addresses": [],
            "key_name": "rangad",
            "launch_template": [],
            "maintenance_options": [
              {
                "auto_recovery": "default"
              }
            ],
            "metadata_options": [
              {
                "http_endpoint": "enabled",
                "http_protocol_ipv6": "disabled",
                "http_put_response_hop_limit": 2,
                "http_tokens": "required",
                "instance_metadata_tags": "disabled"
              }
            ],
            "monitoring": false,
            "network_interface": [],
            "outpost_arn": "",
            "password_data": "",
            "placement_group": "",
            "placement_partition_number": 0,
            "primary_network_interface_id": "eni-0e4742d40fc445749",
            "private_dns": "ip-172-31-46-59.us-west-2.compute.internal",
            "private_dns_name_options": [
              {
                "enable_resource_name_dns_a_record": false,
                "enable_resource_name_dns_aaaa_record": false,
                "hostname_type": "ip-name"
              }
            ],
            "private_ip": "172.31.46.59",
            "public_dns": "ec2-54-187-12-70.us-west-2.compute.amazonaws.com",
            "public_ip": "54.187.12.70",
            "root_block_device": [
              {
                "delete_on_termination": true,
                "device_name": "/dev/xvda",
                "encrypted": false,
                "iops": 100,
                "kms_key_id": "",
                "tags": null,
                "throughput": 0,
                "volume_id": "vol-044f80f2fcd1be25e",
                "volume_size": 20,
                "volume_type": "gp2"
              }
            ],
            "secondary_private_ips": [],
            "security_groups": [
              "dev-monitoring"
            ],
            "source_dest_check": true,
            "spot_instance_request_id": "",
            "subnet_id": "subnet-05576432790585daa",
            "tags": {
              "Application": "monitoring",
              "CostCenter": "rangad-commerce",
              "Environment": "dev",
              "Name": "dev-monitoring",
              "Owner": "rangad"
            },
            "tags_all": {
              "Application": "monitoring",
              "CostCenter": "rangad-commerce",
              "Environment": "dev",
              "Name": "dev-monitoring",
              "Owner": "rangad"
            },
            "tenancy": "default",
            "timeouts": null,
            "user_data": "d18f04a80b1c92df58de18a3c92c1ea4b8c8907d",
            "user_data_base64": null,
            "user_data_replace_on_change": false,
            "volume_tags": null,
            "vpc_security_group_ids": [
              "sg-0db10e5affa0ef833"
            ]
          },
          "sensitive_attributes": [],
          "private": "eyJlMmJmYjczMC1lY2FhLTExZTYtOGY4OC0zNDM2M2JjN2M0YzAiOnsiY3JlYXRlIjo2MDAwMDAwMDAwMDAsImRlbGV0ZSI6MTIwMDAwMDAwMDAwMCwidXBkYXRlIjo2MDAwMDAwMDAwMDB9LCJzY2hlbWFfdmVyc2lvbiI6IjEifQ==",
          "dependencies": [
            "module.security-group.aws_security_group.instance_sg"
          ]
        }
      ]
    },
    {
      "module": "module.security-group",
      "mode": "managed",
      "type": "aws_security_group",
      "name": "instance_sg",
      "provider": "provider[\"registry.terraform.io/hashicorp/aws\"]",
      "instances": [
        {
          "schema_version": 1,
          "attributes": {
            "arn": "arn:aws:ec2:us-west-2:359097475648:security-group/sg-0db10e5affa0ef833",
            "description": "Security Group for Instance",
            "egress": [
              {
                "cidr_blocks": [
                  "0.0.0.0/0"
                ],
                "description": "",
                "from_port": 0,
                "ipv6_cidr_blocks": [],
                "prefix_list_ids": [],
                "protocol": "-1",
                "security_groups": [],
                "self": false,
                "to_port": 0
              }
            ],
            "id": "sg-0db10e5affa0ef833",
            "ingress": [
              {
                "cidr_blocks": [
                  "0.0.0.0/0",
                  "0.0.0.0/0",
                  "0.0.0.0/0",
                  "0.0.0.0/0",
                  "0.0.0.0/0",
                  "0.0.0.0/0",
                  "0.0.0.0/0"
                ],
                "description": "Alert manager",
                "from_port": 9093,
                "ipv6_cidr_blocks": [],
                "prefix_list_ids": [],
                "protocol": "tcp",
                "security_groups": [],
                "self": false,
                "to_port": 9093
              },
              {
                "cidr_blocks": [
                  "0.0.0.0/0",
                  "0.0.0.0/0",
                  "0.0.0.0/0",
                  "0.0.0.0/0",
                  "0.0.0.0/0",
                  "0.0.0.0/0",
                  "0.0.0.0/0"
                ],
                "description": "Grafana",
                "from_port": 3000,
                "ipv6_cidr_blocks": [],
                "prefix_list_ids": [],
                "protocol": "tcp",
                "security_groups": [],
                "self": false,
                "to_port": 3000
              },
              {
                "cidr_blocks": [
                  "0.0.0.0/0",
                  "0.0.0.0/0",
                  "0.0.0.0/0",
                  "0.0.0.0/0",
                  "0.0.0.0/0",
                  "0.0.0.0/0",
                  "0.0.0.0/0"
                ],
                "description": "HTTP",
                "from_port": 80,
                "ipv6_cidr_blocks": [],
                "prefix_list_ids": [],
                "protocol": "tcp",
                "security_groups": [],
                "self": false,
                "to_port": 80
              },
              {
                "cidr_blocks": [
                  "0.0.0.0/0",
                  "0.0.0.0/0",
                  "0.0.0.0/0",
                  "0.0.0.0/0",
                  "0.0.0.0/0",
                  "0.0.0.0/0",
                  "0.0.0.0/0"
                ],
                "description": "HTTPS",
                "from_port": 443,
                "ipv6_cidr_blocks": [],
                "prefix_list_ids": [],
                "protocol": "tcp",
                "security_groups": [],
                "self": false,
                "to_port": 443
              },
              {
                "cidr_blocks": [
                  "0.0.0.0/0",
                  "0.0.0.0/0",
                  "0.0.0.0/0",
                  "0.0.0.0/0",
                  "0.0.0.0/0",
                  "0.0.0.0/0",
                  "0.0.0.0/0"
                ],
                "description": "Node-exporter",
                "from_port": 9100,
                "ipv6_cidr_blocks": [],
                "prefix_list_ids": [],
                "protocol": "tcp",
                "security_groups": [],
                "self": false,
                "to_port": 9100
              },
              {
                "cidr_blocks": [
                  "0.0.0.0/0",
                  "0.0.0.0/0",
                  "0.0.0.0/0",
                  "0.0.0.0/0",
                  "0.0.0.0/0",
                  "0.0.0.0/0",
                  "0.0.0.0/0"
                ],
                "description": "Prometheus",
                "from_port": 9090,
                "ipv6_cidr_blocks": [],
                "prefix_list_ids": [],
                "protocol": "tcp",
                "security_groups": [],
                "self": false,
                "to_port": 9090
              },
              {
                "cidr_blocks": [
                  "0.0.0.0/0",
                  "0.0.0.0/0",
                  "0.0.0.0/0",
                  "0.0.0.0/0",
                  "0.0.0.0/0",
                  "0.0.0.0/0",
                  "0.0.0.0/0"
                ],
                "description": "SSH",
                "from_port": 22,
                "ipv6_cidr_blocks": [],
                "prefix_list_ids": [],
                "protocol": "tcp",
                "security_groups": [],
                "self": false,
                "to_port": 22
              }
            ],
            "name": "dev-monitoring",
            "name_prefix": "",
            "owner_id": "359097475648",
            "revoke_rules_on_delete": false,
            "tags": {
              "Application": "monitoring",
              "CostCenter": "rangad-commerce",
              "Environment": "dev",
              "Name": "dev-monitoring",
              "Owner": "rangad"
            },
            "tags_all": {
              "Application": "monitoring",
              "CostCenter": "rangad-commerce",
              "Environment": "dev",
              "Name": "dev-monitoring",
              "Owner": "rangad"
            },
            "timeouts": null,
            "vpc_id": "vpc-06029db84ee156d3c"
          },
          "sensitive_attributes": [],
          "private": "eyJlMmJmYjczMC1lY2FhLTExZTYtOGY4OC0zNDM2M2JjN2M0YzAiOnsiY3JlYXRlIjo2MDAwMDAwMDAwMDAsImRlbGV0ZSI6OTAwMDAwMDAwMDAwfSwic2NoZW1hX3ZlcnNpb24iOiIxIn0="
        }
      ]
    }
  ],
  "check_results": null
}
